{
    "version": 3,
    "terraform_version": "0.11.14",
    "serial": 2,
    "lineage": "955799cd-3517-157a-13b8-5aca50573685",
    "modules": [
        {
            "path": [
                "root"
            ],
            "outputs": {},
            "resources": {
                "aws_instance.elasticstack": {
                    "type": "aws_instance",
                    "depends_on": [
                        "aws_security_group.allow_elasticstack"
                    ],
                    "primary": {
                        "id": "i-04a18f8b34e8b8d86",
                        "attributes": {
                            "ami": "ami-07dc734dc14746eab",
                            "arn": "arn:aws:ec2:eu-west-2:694669812193:instance/i-04a18f8b34e8b8d86",
                            "associate_public_ip_address": "true",
                            "availability_zone": "eu-west-2c",
                            "cpu_core_count": "2",
                            "cpu_threads_per_core": "1",
                            "credit_specification.#": "1",
                            "credit_specification.0.cpu_credits": "standard",
                            "disable_api_termination": "false",
                            "ebs_block_device.#": "0",
                            "ebs_optimized": "false",
                            "ephemeral_block_device.#": "0",
                            "get_password_data": "false",
                            "iam_instance_profile": "",
                            "id": "i-04a18f8b34e8b8d86",
                            "instance_state": "running",
                            "instance_type": "t2.medium",
                            "ipv6_address_count": "0",
                            "ipv6_addresses.#": "0",
                            "key_name": "aws-key",
                            "monitoring": "false",
                            "network_interface.#": "0",
                            "password_data": "",
                            "placement_group": "",
                            "primary_network_interface_id": "eni-08843735be5a333fb",
                            "private_dns": "ip-172-31-1-131.eu-west-2.compute.internal",
                            "private_ip": "172.31.1.131",
                            "public_dns": "ec2-3-8-99-183.eu-west-2.compute.amazonaws.com",
                            "public_ip": "3.8.99.183",
                            "root_block_device.#": "1",
                            "root_block_device.0.delete_on_termination": "true",
                            "root_block_device.0.iops": "150",
                            "root_block_device.0.volume_id": "vol-04fbbaa2de95c5bcc",
                            "root_block_device.0.volume_size": "50",
                            "root_block_device.0.volume_type": "gp2",
                            "security_groups.#": "1",
                            "security_groups.2182628661": "allow_elasticstack",
                            "source_dest_check": "true",
                            "subnet_id": "subnet-be3a50d7",
                            "tags.%": "1",
                            "tags.Name": "Elastic Stack",
                            "tenancy": "default",
                            "volume_tags.%": "0",
                            "vpc_security_group_ids.#": "1",
                            "vpc_security_group_ids.3183512695": "sg-0b02dd95f30f2d6fd"
                        },
                        "meta": {
                            "e2bfb730-ecaa-11e6-8f88-34363bc7c4c0": {
                                "create": 600000000000,
                                "delete": 1200000000000,
                                "update": 600000000000
                            },
                            "schema_version": "1"
                        },
                        "tainted": true
                    },
                    "deposed": [],
                    "provider": "provider.aws"
                },
                "aws_security_group.allow_elasticstack": {
                    "type": "aws_security_group",
                    "depends_on": [],
                    "primary": {
                        "id": "sg-0b02dd95f30f2d6fd",
                        "attributes": {
                            "arn": "arn:aws:ec2:eu-west-2:694669812193:security-group/sg-0b02dd95f30f2d6fd",
                            "description": "All all elasticsearch traffic",
                            "egress.#": "1",
                            "egress.482069346.cidr_blocks.#": "1",
                            "egress.482069346.cidr_blocks.0": "0.0.0.0/0",
                            "egress.482069346.description": "",
                            "egress.482069346.from_port": "0",
                            "egress.482069346.ipv6_cidr_blocks.#": "0",
                            "egress.482069346.prefix_list_ids.#": "0",
                            "egress.482069346.protocol": "-1",
                            "egress.482069346.security_groups.#": "0",
                            "egress.482069346.self": "false",
                            "egress.482069346.to_port": "0",
                            "id": "sg-0b02dd95f30f2d6fd",
                            "ingress.#": "4",
                            "ingress.2110016986.cidr_blocks.#": "1",
                            "ingress.2110016986.cidr_blocks.0": "0.0.0.0/0",
                            "ingress.2110016986.description": "",
                            "ingress.2110016986.from_port": "5043",
                            "ingress.2110016986.ipv6_cidr_blocks.#": "0",
                            "ingress.2110016986.prefix_list_ids.#": "0",
                            "ingress.2110016986.protocol": "tcp",
                            "ingress.2110016986.security_groups.#": "0",
                            "ingress.2110016986.self": "false",
                            "ingress.2110016986.to_port": "5044",
                            "ingress.2500694996.cidr_blocks.#": "1",
                            "ingress.2500694996.cidr_blocks.0": "0.0.0.0/0",
                            "ingress.2500694996.description": "",
                            "ingress.2500694996.from_port": "9200",
                            "ingress.2500694996.ipv6_cidr_blocks.#": "0",
                            "ingress.2500694996.prefix_list_ids.#": "0",
                            "ingress.2500694996.protocol": "tcp",
                            "ingress.2500694996.security_groups.#": "0",
                            "ingress.2500694996.self": "false",
                            "ingress.2500694996.to_port": "9200",
                            "ingress.2541437006.cidr_blocks.#": "1",
                            "ingress.2541437006.cidr_blocks.0": "0.0.0.0/0",
                            "ingress.2541437006.description": "",
                            "ingress.2541437006.from_port": "22",
                            "ingress.2541437006.ipv6_cidr_blocks.#": "0",
                            "ingress.2541437006.prefix_list_ids.#": "0",
                            "ingress.2541437006.protocol": "tcp",
                            "ingress.2541437006.security_groups.#": "0",
                            "ingress.2541437006.self": "false",
                            "ingress.2541437006.to_port": "22",
                            "ingress.3431095222.cidr_blocks.#": "1",
                            "ingress.3431095222.cidr_blocks.0": "0.0.0.0/0",
                            "ingress.3431095222.description": "",
                            "ingress.3431095222.from_port": "5601",
                            "ingress.3431095222.ipv6_cidr_blocks.#": "0",
                            "ingress.3431095222.prefix_list_ids.#": "0",
                            "ingress.3431095222.protocol": "tcp",
                            "ingress.3431095222.security_groups.#": "0",
                            "ingress.3431095222.self": "false",
                            "ingress.3431095222.to_port": "5601",
                            "name": "allow_elasticstack",
                            "owner_id": "694669812193",
                            "revoke_rules_on_delete": "false",
                            "tags.%": "0",
                            "vpc_id": "vpc-f1315199"
                        },
                        "meta": {
                            "e2bfb730-ecaa-11e6-8f88-34363bc7c4c0": {
                                "create": 600000000000,
                                "delete": 600000000000
                            },
                            "schema_version": "1"
                        },
                        "tainted": false
                    },
                    "deposed": [],
                    "provider": "provider.aws"
                }
            },
            "depends_on": []
        }
    ]
}
